
Microsoft Visual Studio Solution File, Format Version 12.00
# Visual Studio Version 16
VisualStudioVersion = 16.0.30204.135
MinimumVisualStudioVersion = 10.0.40219.1
Project("{8BC9CEB8-8B4A-11D0-8D11-00A0C91BC942}") = "getFilePropertyMFC_vs2019", "getFilePropertyMFC_vs2019.vcxproj", "{350210B2-51BB-419C-92D9-0B4DC4583E83}"
EndProject
Global
	GlobalSection(SolutionConfigurationPlatforms) = preSolution
		Debug|x64 = Debug|x64
		Debug|x86 = Debug|x86
		Release|x64 = Release|x64
		Release|x86 = Release|x86
	EndGlobalSection
	GlobalSection(ProjectConfigurationPlatforms) = postSolution
		{350210B2-51BB-419C-92D9-0B4DC4583E83}.Debug|x64.ActiveCfg = Debug|x64
		{350210B2-51BB-419C-92D9-0B4DC4583E83}.Debug|x64.Build.0 = Debug|x64
		{350210B2-51BB-419C-92D9-0B4DC4583E83}.Debug|x86.ActiveCfg = Debug|Win32
		{350210B2-51BB-419C-92D9-0B4DC4583E83}.Debug|x86.Build.0 = Debug|Win32
		{350210B2-51BB-419C-92D9-0B4DC4583E83}.Release|x64.ActiveCfg = Release|x64
		{350210B2-51BB-419C-92D9-0B4DC4583E83}.Release|x64.Build.0 = Release|x64
		{350210B2-51BB-419C-92D9-0B4DC4583E83}.Release|x86.ActiveCfg = Release|Win32
		{350210B2-51BB-419C-92D9-0B4DC4583E83}.Release|x86.Build.0 = Release|Win32
	EndGlobalSection
	GlobalSection(SolutionProperties) = preSolution
		HideSolutionNode = FALSE
	EndGlobalSection
	GlobalSection(ExtensibilityGlobals) = postSolution
		SolutionGuid = {A1120E0B-5A2C-4277-98DB-41B559BEDC11}
	EndGlobalSection
EndGlobal
